
Microsoft Visual Studio Solution File, Format Version 12.00
# Visual Studio Version 17
VisualStudioVersion = 17.1.32319.34
MinimumVisualStudioVersion = 10.0.40219.1
Project("{FAE04EC0-301F-11D3-BF4B-00C04F79EFBC}") = "Gym_Final", "Gym_Final\Gym_Final.csproj", "{F53DFE1C-3957-442C-A9B5-654EB9261094}"
EndProject
Global
	GlobalSection(SolutionConfigurationPlatforms) = preSolution
		Debug|Any CPU = Debug|Any CPU
		Release|Any CPU = Release|Any CPU
	EndGlobalSection
	GlobalSection(ProjectConfigurationPlatforms) = postSolution
		{F53DFE1C-3957-442C-A9B5-654EB9261094}.Debug|Any CPU.ActiveCfg = Debug|Any CPU
		{F53DFE1C-3957-442C-A9B5-654EB9261094}.Debug|Any CPU.Build.0 = Debug|Any CPU
		{F53DFE1C-3957-442C-A9B5-654EB9261094}.Release|Any CPU.ActiveCfg = Release|Any CPU
		{F53DFE1C-3957-442C-A9B5-654EB9261094}.Release|Any CPU.Build.0 = Release|Any CPU
	EndGlobalSection
	GlobalSection(SolutionProperties) = preSolution
		HideSolutionNode = FALSE
	EndGlobalSection
	GlobalSection(ExtensibilityGlobals) = postSolution
		SolutionGuid = {D32DD7EC-E037-4488-9327-E9535D505F99}
	EndGlobalSection
EndGlobal
